# This file is automatically @generated by Cargo.
# It is not intended for manual editing.
[[package]]
name = "ahash"
version = "0.3.8"
source = "registry+https://github.com/rust-lang/crates.io-index"
checksum = "e8fd72866655d1904d6b0997d0b07ba561047d070fbe29de039031c641b61217"

[[package]]
name = "autocfg"
version = "1.0.1"
source = "registry+https://github.com/rust-lang/crates.io-index"
checksum = "cdb031dd78e28731d87d56cc8ffef4a8f36ca26c38fe2de700543e627f8a464a"

[[package]]
name = "bytes"
version = "0.6.0"
source = "registry+https://github.com/rust-lang/crates.io-index"
checksum = "e0dcbc35f504eb6fc275a6d20e4ebcda18cf50d40ba6fabff8c711fa16cb3b16"

[[package]]
name = "fontdue"
version = "0.4.0"
source = "registry+https://github.com/rust-lang/crates.io-index"
checksum = "3203e88e086474e56b0785255804a0c23542f76253584d3f43152cd2bb95d0b7"
dependencies = [
 "hashbrown",
 "ttf-parser",
]

[[package]]
name = "fontgen"
version = "0.1.0"
dependencies = [
 "fontdue",
 "fonts",
]

[[package]]
name = "fonts"
version = "0.1.0"
dependencies = [
 "bytes",
]

[[package]]
name = "hashbrown"
version = "0.8.2"
source = "registry+https://github.com/rust-lang/crates.io-index"
checksum = "e91b62f79061a0bc2e046024cb7ba44b08419ed238ecbd9adbd787434b9e8c25"
dependencies = [
 "ahash",
 "autocfg",
]

[[package]]
name = "ttf-parser"
version = "0.8.3"
source = "registry+https://github.com/rust-lang/crates.io-index"
checksum = "7622061403fd00f0820df288e5a580e87d3ce15a1c4313c59fd1ffb77129903f"
